
Microsoft Visual Studio Solution File, Format Version 12.00
# Visual Studio Version 17
VisualStudioVersion = 17.3.32901.215
MinimumVisualStudioVersion = 10.0.40219.1
Project("{9A19103F-16F7-4668-BE54-9A1E7A4F7556}") = "CrawlerUI", "CrowlerUI\CrawlerUI.csproj", "{A93C392F-F4CA-43AA-9FFE-ACD9012F3440}"
EndProject
Project("{9A19103F-16F7-4668-BE54-9A1E7A4F7556}") = "LogManagment", "LogManagment\LogManagment.csproj", "{52ED55E8-6A26-46AB-961C-6AE80F753246}"
EndProject
Project("{9A19103F-16F7-4668-BE54-9A1E7A4F7556}") = "LibStructure", "LibStructure\LibStructure.csproj", "{20058C79-21A9-4C1A-951E-5082020ACD51}"
EndProject
Project("{9A19103F-16F7-4668-BE54-9A1E7A4F7556}") = "LibGeneralUtilities", "LibGeneralUtilities\LibGeneralUtilities.csproj", "{5202C0C9-1BD9-464F-ABEA-5119C1550A68}"
EndProject
Project("{9A19103F-16F7-4668-BE54-9A1E7A4F7556}") = "MaterialSkin2DotNet", "MaterialSkin2DotNet-master\MaterialSkin2DotNet\MaterialSkin2DotNet.csproj", "{AA63C708-580C-4BDD-892F-7C145CDD8615}"
EndProject
Global
	GlobalSection(SolutionConfigurationPlatforms) = preSolution
		Debug|Any CPU = Debug|Any CPU
		Debug|x64 = Debug|x64
		Release|Any CPU = Release|Any CPU
		Release|x64 = Release|x64
	EndGlobalSection
	GlobalSection(ProjectConfigurationPlatforms) = postSolution
		{A93C392F-F4CA-43AA-9FFE-ACD9012F3440}.Debug|Any CPU.ActiveCfg = Debug|Any CPU
		{A93C392F-F4CA-43AA-9FFE-ACD9012F3440}.Debug|Any CPU.Build.0 = Debug|Any CPU
		{A93C392F-F4CA-43AA-9FFE-ACD9012F3440}.Debug|x64.ActiveCfg = Debug|x64
		{A93C392F-F4CA-43AA-9FFE-ACD9012F3440}.Debug|x64.Build.0 = Debug|x64
		{A93C392F-F4CA-43AA-9FFE-ACD9012F3440}.Release|Any CPU.ActiveCfg = Release|Any CPU
		{A93C392F-F4CA-43AA-9FFE-ACD9012F3440}.Release|Any CPU.Build.0 = Release|Any CPU
		{A93C392F-F4CA-43AA-9FFE-ACD9012F3440}.Release|x64.ActiveCfg = Release|x64
		{A93C392F-F4CA-43AA-9FFE-ACD9012F3440}.Release|x64.Build.0 = Release|x64
		{52ED55E8-6A26-46AB-961C-6AE80F753246}.Debug|Any CPU.ActiveCfg = Debug|Any CPU
		{52ED55E8-6A26-46AB-961C-6AE80F753246}.Debug|Any CPU.Build.0 = Debug|Any CPU
		{52ED55E8-6A26-46AB-961C-6AE80F753246}.Debug|x64.ActiveCfg = Debug|x64
		{52ED55E8-6A26-46AB-961C-6AE80F753246}.Debug|x64.Build.0 = Debug|x64
		{52ED55E8-6A26-46AB-961C-6AE80F753246}.Release|Any CPU.ActiveCfg = Release|Any CPU
		{52ED55E8-6A26-46AB-961C-6AE80F753246}.Release|Any CPU.Build.0 = Release|Any CPU
		{52ED55E8-6A26-46AB-961C-6AE80F753246}.Release|x64.ActiveCfg = Release|x64
		{52ED55E8-6A26-46AB-961C-6AE80F753246}.Release|x64.Build.0 = Release|x64
		{20058C79-21A9-4C1A-951E-5082020ACD51}.Debug|Any CPU.ActiveCfg = Debug|Any CPU
		{20058C79-21A9-4C1A-951E-5082020ACD51}.Debug|Any CPU.Build.0 = Debug|Any CPU
		{20058C79-21A9-4C1A-951E-5082020ACD51}.Debug|x64.ActiveCfg = Debug|x64
		{20058C79-21A9-4C1A-951E-5082020ACD51}.Debug|x64.Build.0 = Debug|x64
		{20058C79-21A9-4C1A-951E-5082020ACD51}.Release|Any CPU.ActiveCfg = Release|Any CPU
		{20058C79-21A9-4C1A-951E-5082020ACD51}.Release|Any CPU.Build.0 = Release|Any CPU
		{20058C79-21A9-4C1A-951E-5082020ACD51}.Release|x64.ActiveCfg = Release|x64
		{20058C79-21A9-4C1A-951E-5082020ACD51}.Release|x64.Build.0 = Release|x64
		{5202C0C9-1BD9-464F-ABEA-5119C1550A68}.Debug|Any CPU.ActiveCfg = Debug|Any CPU
		{5202C0C9-1BD9-464F-ABEA-5119C1550A68}.Debug|Any CPU.Build.0 = Debug|Any CPU
		{5202C0C9-1BD9-464F-ABEA-5119C1550A68}.Debug|x64.ActiveCfg = Debug|x64
		{5202C0C9-1BD9-464F-ABEA-5119C1550A68}.Debug|x64.Build.0 = Debug|x64
		{5202C0C9-1BD9-464F-ABEA-5119C1550A68}.Release|Any CPU.ActiveCfg = Release|Any CPU
		{5202C0C9-1BD9-464F-ABEA-5119C1550A68}.Release|Any CPU.Build.0 = Release|Any CPU
		{5202C0C9-1BD9-464F-ABEA-5119C1550A68}.Release|x64.ActiveCfg = Release|x64
		{5202C0C9-1BD9-464F-ABEA-5119C1550A68}.Release|x64.Build.0 = Release|x64
		{AA63C708-580C-4BDD-892F-7C145CDD8615}.Debug|Any CPU.ActiveCfg = Debug|Any CPU
		{AA63C708-580C-4BDD-892F-7C145CDD8615}.Debug|Any CPU.Build.0 = Debug|Any CPU
		{AA63C708-580C-4BDD-892F-7C145CDD8615}.Debug|x64.ActiveCfg = Debug|x64
		{AA63C708-580C-4BDD-892F-7C145CDD8615}.Debug|x64.Build.0 = Debug|x64
		{AA63C708-580C-4BDD-892F-7C145CDD8615}.Release|Any CPU.ActiveCfg = Release|Any CPU
		{AA63C708-580C-4BDD-892F-7C145CDD8615}.Release|Any CPU.Build.0 = Release|Any CPU
		{AA63C708-580C-4BDD-892F-7C145CDD8615}.Release|x64.ActiveCfg = Release|x64
		{AA63C708-580C-4BDD-892F-7C145CDD8615}.Release|x64.Build.0 = Release|x64
	EndGlobalSection
	GlobalSection(SolutionProperties) = preSolution
		HideSolutionNode = FALSE
	EndGlobalSection
	GlobalSection(ExtensibilityGlobals) = postSolution
		SolutionGuid = {C06758C8-3BEA-4C1D-8577-D2DCFD34B1C1}
	EndGlobalSection
EndGlobal
