
Microsoft Visual Studio Solution File, Format Version 12.00
# Visual Studio Version 17
VisualStudioVersion = 17.3.32901.215
MinimumVisualStudioVersion = 10.0.40219.1
Project("{9A19103F-16F7-4668-BE54-9A1E7A4F7556}") = "CrawlerUI", "CrowlerUI\CrawlerUI.csproj", "{A93C392F-F4CA-43AA-9FFE-ACD9012F3440}"
EndProject
Project("{9A19103F-16F7-4668-BE54-9A1E7A4F7556}") = "MaterialSkin2DotNet", "E:\Graduate Project\UIControl\MaterialSkin2DotNet-master\MaterialSkin2DotNet\MaterialSkin2DotNet.csproj", "{23EA89F4-264C-4869-86FC-6EA6B9804761}"
EndProject
Project("{9A19103F-16F7-4668-BE54-9A1E7A4F7556}") = "LibStructure", "..\CrowlingCoreApp\LibStructure\LibStructure.csproj", "{9EAFBAEF-8E53-41B7-A449-553B37986FB3}"
EndProject
Project("{9A19103F-16F7-4668-BE54-9A1E7A4F7556}") = "LibGeneralUtilities", "..\CrowlingCoreApp\LibGeneralUtilities\LibGeneralUtilities.csproj", "{EFCE76A6-922D-4D05-BBB6-83F5097CD08D}"
EndProject
Project("{FAE04EC0-301F-11D3-BF4B-00C04F79EFBC}") = "LogManagment", "LogManagment\LogManagment.csproj", "{52ED55E8-6A26-46AB-961C-6AE80F753246}"
EndProject
Global
	GlobalSection(SolutionConfigurationPlatforms) = preSolution
		Debug|Any CPU = Debug|Any CPU
		Release|Any CPU = Release|Any CPU
	EndGlobalSection
	GlobalSection(ProjectConfigurationPlatforms) = postSolution
		{A93C392F-F4CA-43AA-9FFE-ACD9012F3440}.Debug|Any CPU.ActiveCfg = Debug|Any CPU
		{A93C392F-F4CA-43AA-9FFE-ACD9012F3440}.Debug|Any CPU.Build.0 = Debug|Any CPU
		{A93C392F-F4CA-43AA-9FFE-ACD9012F3440}.Release|Any CPU.ActiveCfg = Release|Any CPU
		{A93C392F-F4CA-43AA-9FFE-ACD9012F3440}.Release|Any CPU.Build.0 = Release|Any CPU
		{23EA89F4-264C-4869-86FC-6EA6B9804761}.Debug|Any CPU.ActiveCfg = Debug|Any CPU
		{23EA89F4-264C-4869-86FC-6EA6B9804761}.Debug|Any CPU.Build.0 = Debug|Any CPU
		{23EA89F4-264C-4869-86FC-6EA6B9804761}.Release|Any CPU.ActiveCfg = Release|Any CPU
		{23EA89F4-264C-4869-86FC-6EA6B9804761}.Release|Any CPU.Build.0 = Release|Any CPU
		{9EAFBAEF-8E53-41B7-A449-553B37986FB3}.Debug|Any CPU.ActiveCfg = Debug|Any CPU
		{9EAFBAEF-8E53-41B7-A449-553B37986FB3}.Debug|Any CPU.Build.0 = Debug|Any CPU
		{9EAFBAEF-8E53-41B7-A449-553B37986FB3}.Release|Any CPU.ActiveCfg = Release|Any CPU
		{9EAFBAEF-8E53-41B7-A449-553B37986FB3}.Release|Any CPU.Build.0 = Release|Any CPU
		{EFCE76A6-922D-4D05-BBB6-83F5097CD08D}.Debug|Any CPU.ActiveCfg = Debug|Any CPU
		{EFCE76A6-922D-4D05-BBB6-83F5097CD08D}.Debug|Any CPU.Build.0 = Debug|Any CPU
		{EFCE76A6-922D-4D05-BBB6-83F5097CD08D}.Release|Any CPU.ActiveCfg = Release|Any CPU
		{EFCE76A6-922D-4D05-BBB6-83F5097CD08D}.Release|Any CPU.Build.0 = Release|Any CPU
		{52ED55E8-6A26-46AB-961C-6AE80F753246}.Debug|Any CPU.ActiveCfg = Debug|Any CPU
		{52ED55E8-6A26-46AB-961C-6AE80F753246}.Debug|Any CPU.Build.0 = Debug|Any CPU
		{52ED55E8-6A26-46AB-961C-6AE80F753246}.Release|Any CPU.ActiveCfg = Release|Any CPU
		{52ED55E8-6A26-46AB-961C-6AE80F753246}.Release|Any CPU.Build.0 = Release|Any CPU
	EndGlobalSection
	GlobalSection(SolutionProperties) = preSolution
		HideSolutionNode = FALSE
	EndGlobalSection
	GlobalSection(ExtensibilityGlobals) = postSolution
		SolutionGuid = {C06758C8-3BEA-4C1D-8577-D2DCFD34B1C1}
	EndGlobalSection
EndGlobal
